// !$*UTF8*$!
{
	archiveVersion = 1;
	classes = {
	};
	objectVersion = 46;
	objects = {

/* Begin PBXBuildFile section */
		90987CA7181C7DED00F5EE6B /* CardGames.plist in Resources */ = {isa = PBXBuildFile; fileRef = 90987CA4181C7DED00F5EE6B /* CardGames.plist */; };
		90987CA8181C7DED00F5EE6B /* CardGamesController.m in Sources */ = {isa = PBXBuildFile; fileRef = 90987CA6181C7DED00F5EE6B /* CardGamesController.m */; };
		90987CAA181C838C00F5EE6B /* BinderCardList.plist in Resources */ = {isa = PBXBuildFile; fileRef = 90987CA9181C838C00F5EE6B /* BinderCardList.plist */; };
		C67E8B9B1815BC2F00516120 /* BinderCardModel.m in Sources */ = {isa = PBXBuildFile; fileRef = C67E8B9A1815BC2F00516120 /* BinderCardModel.m */; };
		C689B7EB1819C04E007FDC9A /* CardListItem.m in Sources */ = {isa = PBXBuildFile; fileRef = C689B7EA1819C04D007FDC9A /* CardListItem.m */; };
		C6C66555184F8C3000B4254D /* BinderTradeListViewController.m in Sources */ = {isa = PBXBuildFile; fileRef = C6C66554184F8C3000B4254D /* BinderTradeListViewController.m */; };
		C6C66558184F9AB200B4254D /* BinderCurrentTradeHandler.m in Sources */ = {isa = PBXBuildFile; fileRef = C6C66557184F9AB200B4254D /* BinderCurrentTradeHandler.m */; settings = {COMPILER_FLAGS = "-fno-objc-arc"; }; };
		C6E587C118158D5500EAF1ED /* UIKit.framework in Frameworks */ = {isa = PBXBuildFile; fileRef = C6E587C018158D5500EAF1ED /* UIKit.framework */; };
		C6E587C318158D5500EAF1ED /* Foundation.framework in Frameworks */ = {isa = PBXBuildFile; fileRef = C6E587C218158D5500EAF1ED /* Foundation.framework */; };
		C6E587C518158D5500EAF1ED /* CoreGraphics.framework in Frameworks */ = {isa = PBXBuildFile; fileRef = C6E587C418158D5500EAF1ED /* CoreGraphics.framework */; };
		C6E587CB18158D5500EAF1ED /* InfoPlist.strings in Resources */ = {isa = PBXBuildFile; fileRef = C6E587C918158D5500EAF1ED /* InfoPlist.strings */; };
		C6E587CD18158D5500EAF1ED /* main.m in Sources */ = {isa = PBXBuildFile; fileRef = C6E587CC18158D5500EAF1ED /* main.m */; };
		C6E587D118158D5500EAF1ED /* BinderAppDelegate.m in Sources */ = {isa = PBXBuildFile; fileRef = C6E587D018158D5500EAF1ED /* BinderAppDelegate.m */; };
		C6E587D318158D5500EAF1ED /* Default.png in Resources */ = {isa = PBXBuildFile; fileRef = C6E587D218158D5500EAF1ED /* Default.png */; };
		C6E587D518158D5500EAF1ED /* Default@2x.png in Resources */ = {isa = PBXBuildFile; fileRef = C6E587D418158D5500EAF1ED /* Default@2x.png */; };
		C6E587D718158D5500EAF1ED /* Default-568h@2x.png in Resources */ = {isa = PBXBuildFile; fileRef = C6E587D618158D5500EAF1ED /* Default-568h@2x.png */; };
		C6E587DA18158D5500EAF1ED /* MainStoryboard.storyboard in Resources */ = {isa = PBXBuildFile; fileRef = C6E587D818158D5500EAF1ED /* MainStoryboard.storyboard */; };
		C6E587DD18158D5500EAF1ED /* BinderViewController.m in Sources */ = {isa = PBXBuildFile; fileRef = C6E587DC18158D5500EAF1ED /* BinderViewController.m */; };
		C6E587E5181596DE00EAF1ED /* BinderCardsListViewController.m in Sources */ = {isa = PBXBuildFile; fileRef = C6E587E4181596DE00EAF1ED /* BinderCardsListViewController.m */; };
		C6E587E81815971500EAF1ED /* BinderCardDetailViewController.m in Sources */ = {isa = PBXBuildFile; fileRef = C6E587E71815971500EAF1ED /* BinderCardDetailViewController.m */; };
		C6E587EB1815972D00EAF1ED /* BinderAddCardViewController.m in Sources */ = {isa = PBXBuildFile; fileRef = C6E587EA1815972D00EAF1ED /* BinderAddCardViewController.m */; };
		C6E587EE1815973E00EAF1ED /* BinderBuyCardViewController.m in Sources */ = {isa = PBXBuildFile; fileRef = C6E587ED1815973E00EAF1ED /* BinderBuyCardViewController.m */; };
/* End PBXBuildFile section */

/* Begin PBXFileReference section */
		90987CA4181C7DED00F5EE6B /* CardGames.plist */ = {isa = PBXFileReference; fileEncoding = 4; lastKnownFileType = text.plist.xml; path = CardGames.plist; sourceTree = "<group>"; };
		90987CA5181C7DED00F5EE6B /* CardGamesController.h */ = {isa = PBXFileReference; fileEncoding = 4; lastKnownFileType = sourcecode.c.h; path = CardGamesController.h; sourceTree = "<group>"; };
		90987CA6181C7DED00F5EE6B /* CardGamesController.m */ = {isa = PBXFileReference; fileEncoding = 4; lastKnownFileType = sourcecode.c.objc; path = CardGamesController.m; sourceTree = "<group>"; };
		90987CA9181C838C00F5EE6B /* BinderCardList.plist */ = {isa = PBXFileReference; fileEncoding = 4; lastKnownFileType = text.plist.xml; path = BinderCardList.plist; sourceTree = "<group>"; };
		C67E8B991815BC2F00516120 /* BinderCardModel.h */ = {isa = PBXFileReference; fileEncoding = 4; lastKnownFileType = sourcecode.c.h; path = BinderCardModel.h; sourceTree = "<group>"; };
		C67E8B9A1815BC2F00516120 /* BinderCardModel.m */ = {isa = PBXFileReference; fileEncoding = 4; lastKnownFileType = sourcecode.c.objc; path = BinderCardModel.m; sourceTree = "<group>"; };
		C689B7E91819C04D007FDC9A /* CardListItem.h */ = {isa = PBXFileReference; fileEncoding = 4; lastKnownFileType = sourcecode.c.h; path = CardListItem.h; sourceTree = "<group>"; };
		C689B7EA1819C04D007FDC9A /* CardListItem.m */ = {isa = PBXFileReference; fileEncoding = 4; lastKnownFileType = sourcecode.c.objc; path = CardListItem.m; sourceTree = "<group>"; };
		C6C66553184F8C3000B4254D /* BinderTradeListViewController.h */ = {isa = PBXFileReference; fileEncoding = 4; lastKnownFileType = sourcecode.c.h; path = BinderTradeListViewController.h; sourceTree = "<group>"; };
		C6C66554184F8C3000B4254D /* BinderTradeListViewController.m */ = {isa = PBXFileReference; fileEncoding = 4; lastKnownFileType = sourcecode.c.objc; path = BinderTradeListViewController.m; sourceTree = "<group>"; };
		C6C66556184F9AB100B4254D /* BinderCurrentTradeHandler.h */ = {isa = PBXFileReference; fileEncoding = 4; lastKnownFileType = sourcecode.c.h; path = BinderCurrentTradeHandler.h; sourceTree = "<group>"; };
		C6C66557184F9AB200B4254D /* BinderCurrentTradeHandler.m */ = {isa = PBXFileReference; fileEncoding = 4; lastKnownFileType = sourcecode.c.objc; path = BinderCurrentTradeHandler.m; sourceTree = "<group>"; };
		C6E587BD18158D5500EAF1ED /* Binder Buddy.app */ = {isa = PBXFileReference; explicitFileType = wrapper.application; includeInIndex = 0; path = "Binder Buddy.app"; sourceTree = BUILT_PRODUCTS_DIR; };
		C6E587C018158D5500EAF1ED /* UIKit.framework */ = {isa = PBXFileReference; lastKnownFileType = wrapper.framework; name = UIKit.framework; path = System/Library/Frameworks/UIKit.framework; sourceTree = SDKROOT; };
		C6E587C218158D5500EAF1ED /* Foundation.framework */ = {isa = PBXFileReference; lastKnownFileType = wrapper.framework; name = Foundation.framework; path = System/Library/Frameworks/Foundation.framework; sourceTree = SDKROOT; };
		C6E587C418158D5500EAF1ED /* CoreGraphics.framework */ = {isa = PBXFileReference; lastKnownFileType = wrapper.framework; name = CoreGraphics.framework; path = System/Library/Frameworks/CoreGraphics.framework; sourceTree = SDKROOT; };
		C6E587C818158D5500EAF1ED /* Binder Buddy-Info.plist */ = {isa = PBXFileReference; lastKnownFileType = text.plist.xml; path = "Binder Buddy-Info.plist"; sourceTree = "<group>"; };
		C6E587CA18158D5500EAF1ED /* en */ = {isa = PBXFileReference; lastKnownFileType = text.plist.strings; name = en; path = en.lproj/InfoPlist.strings; sourceTree = "<group>"; };
		C6E587CC18158D5500EAF1ED /* main.m */ = {isa = PBXFileReference; lastKnownFileType = sourcecode.c.objc; path = main.m; sourceTree = "<group>"; };
		C6E587CE18158D5500EAF1ED /* Binder Buddy-Prefix.pch */ = {isa = PBXFileReference; lastKnownFileType = sourcecode.c.h; path = "Binder Buddy-Prefix.pch"; sourceTree = "<group>"; };
		C6E587CF18158D5500EAF1ED /* BinderAppDelegate.h */ = {isa = PBXFileReference; lastKnownFileType = sourcecode.c.h; path = BinderAppDelegate.h; sourceTree = "<group>"; };
		C6E587D018158D5500EAF1ED /* BinderAppDelegate.m */ = {isa = PBXFileReference; lastKnownFileType = sourcecode.c.objc; path = BinderAppDelegate.m; sourceTree = "<group>"; };
		C6E587D218158D5500EAF1ED /* Default.png */ = {isa = PBXFileReference; lastKnownFileType = image.png; path = Default.png; sourceTree = "<group>"; };
		C6E587D418158D5500EAF1ED /* Default@2x.png */ = {isa = PBXFileReference; lastKnownFileType = image.png; path = "Default@2x.png"; sourceTree = "<group>"; };
		C6E587D618158D5500EAF1ED /* Default-568h@2x.png */ = {isa = PBXFileReference; lastKnownFileType = image.png; path = "Default-568h@2x.png"; sourceTree = "<group>"; };
		C6E587D918158D5500EAF1ED /* en */ = {isa = PBXFileReference; lastKnownFileType = file.storyboard; name = en; path = en.lproj/MainStoryboard.storyboard; sourceTree = "<group>"; };
		C6E587DB18158D5500EAF1ED /* BinderViewController.h */ = {isa = PBXFileReference; lastKnownFileType = sourcecode.c.h; path = BinderViewController.h; sourceTree = "<group>"; };
		C6E587DC18158D5500EAF1ED /* BinderViewController.m */ = {isa = PBXFileReference; lastKnownFileType = sourcecode.c.objc; path = BinderViewController.m; sourceTree = "<group>"; };
		C6E587E3181596DE00EAF1ED /* BinderCardsListViewController.h */ = {isa = PBXFileReference; fileEncoding = 4; lastKnownFileType = sourcecode.c.h; path = BinderCardsListViewController.h; sourceTree = "<group>"; };
		C6E587E4181596DE00EAF1ED /* BinderCardsListViewController.m */ = {isa = PBXFileReference; fileEncoding = 4; lastKnownFileType = sourcecode.c.objc; path = BinderCardsListViewController.m; sourceTree = "<group>"; };
		C6E587E61815971500EAF1ED /* BinderCardDetailViewController.h */ = {isa = PBXFileReference; fileEncoding = 4; lastKnownFileType = sourcecode.c.h; path = BinderCardDetailViewController.h; sourceTree = "<group>"; };
		C6E587E71815971500EAF1ED /* BinderCardDetailViewController.m */ = {isa = PBXFileReference; fileEncoding = 4; lastKnownFileType = sourcecode.c.objc; path = BinderCardDetailViewController.m; sourceTree = "<group>"; };
		C6E587E91815972D00EAF1ED /* BinderAddCardViewController.h */ = {isa = PBXFileReference; fileEncoding = 4; lastKnownFileType = sourcecode.c.h; path = BinderAddCardViewController.h; sourceTree = "<group>"; };
		C6E587EA1815972D00EAF1ED /* BinderAddCardViewController.m */ = {isa = PBXFileReference; fileEncoding = 4; lastKnownFileType = sourcecode.c.objc; path = BinderAddCardViewController.m; sourceTree = "<group>"; };
		C6E587EC1815973E00EAF1ED /* BinderBuyCardViewController.h */ = {isa = PBXFileReference; fileEncoding = 4; lastKnownFileType = sourcecode.c.h; path = BinderBuyCardViewController.h; sourceTree = "<group>"; };
		C6E587ED1815973E00EAF1ED /* BinderBuyCardViewController.m */ = {isa = PBXFileReference; fileEncoding = 4; lastKnownFileType = sourcecode.c.objc; path = BinderBuyCardViewController.m; sourceTree = "<group>"; };
/* End PBXFileReference section */

/* Begin PBXFrameworksBuildPhase section */
		C6E587BA18158D5500EAF1ED /* Frameworks */ = {
			isa = PBXFrameworksBuildPhase;
			buildActionMask = 2147483647;
			files = (
				C6E587C118158D5500EAF1ED /* UIKit.framework in Frameworks */,
				C6E587C318158D5500EAF1ED /* Foundation.framework in Frameworks */,
				C6E587C518158D5500EAF1ED /* CoreGraphics.framework in Frameworks */,
			);
			runOnlyForDeploymentPostprocessing = 0;
		};
/* End PBXFrameworksBuildPhase section */

/* Begin PBXGroup section */
		C67E8B9C1815BC3600516120 /* Model */ = {
			isa = PBXGroup;
			children = (
				C67E8B991815BC2F00516120 /* BinderCardModel.h */,
				C67E8B9A1815BC2F00516120 /* BinderCardModel.m */,
				90987CA9181C838C00F5EE6B /* BinderCardList.plist */,
			);
			name = Model;
			sourceTree = "<group>";
		};
		C6E587B418158D5500EAF1ED = {
			isa = PBXGroup;
			children = (
				C6E587C618158D5500EAF1ED /* Binder Buddy */,
				C6E587BF18158D5500EAF1ED /* Frameworks */,
				C6E587BE18158D5500EAF1ED /* Products */,
			);
			sourceTree = "<group>";
		};
		C6E587BE18158D5500EAF1ED /* Products */ = {
			isa = PBXGroup;
			children = (
				C6E587BD18158D5500EAF1ED /* Binder Buddy.app */,
			);
			name = Products;
			sourceTree = "<group>";
		};
		C6E587BF18158D5500EAF1ED /* Frameworks */ = {
			isa = PBXGroup;
			children = (
				C6E587C018158D5500EAF1ED /* UIKit.framework */,
				C6E587C218158D5500EAF1ED /* Foundation.framework */,
				C6E587C418158D5500EAF1ED /* CoreGraphics.framework */,
			);
			name = Frameworks;
			sourceTree = "<group>";
		};
		C6E587C618158D5500EAF1ED /* Binder Buddy */ = {
			isa = PBXGroup;
			children = (
				C67E8B9C1815BC3600516120 /* Model */,
				90987CA4181C7DED00F5EE6B /* CardGames.plist */,
				90987CA5181C7DED00F5EE6B /* CardGamesController.h */,
				90987CA6181C7DED00F5EE6B /* CardGamesController.m */,
				C6E587CF18158D5500EAF1ED /* BinderAppDelegate.h */,
				C6E587D018158D5500EAF1ED /* BinderAppDelegate.m */,
				C6E587D818158D5500EAF1ED /* MainStoryboard.storyboard */,
				C6C66556184F9AB100B4254D /* BinderCurrentTradeHandler.h */,
				C6C66557184F9AB200B4254D /* BinderCurrentTradeHandler.m */,
				C6E587E61815971500EAF1ED /* BinderCardDetailViewController.h */,
				C6E587E71815971500EAF1ED /* BinderCardDetailViewController.m */,
				C6E587E91815972D00EAF1ED /* BinderAddCardViewController.h */,
				C6E587EA1815972D00EAF1ED /* BinderAddCardViewController.m */,
				C6E587EC1815973E00EAF1ED /* BinderBuyCardViewController.h */,
				C6E587ED1815973E00EAF1ED /* BinderBuyCardViewController.m */,
				C6E587E3181596DE00EAF1ED /* BinderCardsListViewController.h */,
				C6E587E4181596DE00EAF1ED /* BinderCardsListViewController.m */,
				C6C66553184F8C3000B4254D /* BinderTradeListViewController.h */,
				C6C66554184F8C3000B4254D /* BinderTradeListViewController.m */,
				C689B7E91819C04D007FDC9A /* CardListItem.h */,
				C689B7EA1819C04D007FDC9A /* CardListItem.m */,
				C6E587DB18158D5500EAF1ED /* BinderViewController.h */,
				C6E587DC18158D5500EAF1ED /* BinderViewController.m */,
				C6E587C718158D5500EAF1ED /* Supporting Files */,
			);
			path = "Binder Buddy";
			sourceTree = "<group>";
		};
		C6E587C718158D5500EAF1ED /* Supporting Files */ = {
			isa = PBXGroup;
			children = (
				C6E587C818158D5500EAF1ED /* Binder Buddy-Info.plist */,
				C6E587C918158D5500EAF1ED /* InfoPlist.strings */,
				C6E587CC18158D5500EAF1ED /* main.m */,
				C6E587CE18158D5500EAF1ED /* Binder Buddy-Prefix.pch */,
				C6E587D218158D5500EAF1ED /* Default.png */,
				C6E587D418158D5500EAF1ED /* Default@2x.png */,
				C6E587D618158D5500EAF1ED /* Default-568h@2x.png */,
			);
			name = "Supporting Files";
			sourceTree = "<group>";
		};
/* End PBXGroup section */

/* Begin PBXNativeTarget section */
		C6E587BC18158D5500EAF1ED /* Binder Buddy */ = {
			isa = PBXNativeTarget;
			buildConfigurationList = C6E587E018158D5500EAF1ED /* Build configuration list for PBXNativeTarget "Binder Buddy" */;
			buildPhases = (
				C6E587B918158D5500EAF1ED /* Sources */,
				C6E587BA18158D5500EAF1ED /* Frameworks */,
				C6E587BB18158D5500EAF1ED /* Resources */,
			);
			buildRules = (
			);
			dependencies = (
			);
			name = "Binder Buddy";
			productName = "Binder Buddy";
			productReference = C6E587BD18158D5500EAF1ED /* Binder Buddy.app */;
			productType = "com.apple.product-type.application";
		};
/* End PBXNativeTarget section */

/* Begin PBXProject section */
		C6E587B518158D5500EAF1ED /* Project object */ = {
			isa = PBXProject;
			attributes = {
				CLASSPREFIX = Binder;
				LastUpgradeCheck = 0460;
				ORGANIZATIONNAME = BinderInc;
			};
			buildConfigurationList = C6E587B818158D5500EAF1ED /* Build configuration list for PBXProject "Binder Buddy" */;
			compatibilityVersion = "Xcode 3.2";
			developmentRegion = English;
			hasScannedForEncodings = 0;
			knownRegions = (
				en,
			);
			mainGroup = C6E587B418158D5500EAF1ED;
			productRefGroup = C6E587BE18158D5500EAF1ED /* Products */;
			projectDirPath = "";
			projectRoot = "";
			targets = (
				C6E587BC18158D5500EAF1ED /* Binder Buddy */,
			);
		};
/* End PBXProject section */

/* Begin PBXResourcesBuildPhase section */
		C6E587BB18158D5500EAF1ED /* Resources */ = {
			isa = PBXResourcesBuildPhase;
			buildActionMask = 2147483647;
			files = (
				C6E587CB18158D5500EAF1ED /* InfoPlist.strings in Resources */,
				C6E587D318158D5500EAF1ED /* Default.png in Resources */,
				C6E587D518158D5500EAF1ED /* Default@2x.png in Resources */,
				C6E587D718158D5500EAF1ED /* Default-568h@2x.png in Resources */,
				C6E587DA18158D5500EAF1ED /* MainStoryboard.storyboard in Resources */,
				90987CA7181C7DED00F5EE6B /* CardGames.plist in Resources */,
				90987CAA181C838C00F5EE6B /* BinderCardList.plist in Resources */,
			);
			runOnlyForDeploymentPostprocessing = 0;
		};
/* End PBXResourcesBuildPhase section */

/* Begin PBXSourcesBuildPhase section */
		C6E587B918158D5500EAF1ED /* Sources */ = {
			isa = PBXSourcesBuildPhase;
			buildActionMask = 2147483647;
			files = (
				C6E587CD18158D5500EAF1ED /* main.m in Sources */,
				C6E587D118158D5500EAF1ED /* BinderAppDelegate.m in Sources */,
				C6E587DD18158D5500EAF1ED /* BinderViewController.m in Sources */,
				C6E587E5181596DE00EAF1ED /* BinderCardsListViewController.m in Sources */,
				C6E587E81815971500EAF1ED /* BinderCardDetailViewController.m in Sources */,
				C6E587EB1815972D00EAF1ED /* BinderAddCardViewController.m in Sources */,
				C6E587EE1815973E00EAF1ED /* BinderBuyCardViewController.m in Sources */,
				C67E8B9B1815BC2F00516120 /* BinderCardModel.m in Sources */,
				C689B7EB1819C04E007FDC9A /* CardListItem.m in Sources */,
				90987CA8181C7DED00F5EE6B /* CardGamesController.m in Sources */,
				C6C66555184F8C3000B4254D /* BinderTradeListViewController.m in Sources */,
				C6C66558184F9AB200B4254D /* BinderCurrentTradeHandler.m in Sources */,
			);
			runOnlyForDeploymentPostprocessing = 0;
		};
/* End PBXSourcesBuildPhase section */

/* Begin PBXVariantGroup section */
		C6E587C918158D5500EAF1ED /* InfoPlist.strings */ = {
			isa = PBXVariantGroup;
			children = (
				C6E587CA18158D5500EAF1ED /* en */,
			);
			name = InfoPlist.strings;
			sourceTree = "<group>";
		};
		C6E587D818158D5500EAF1ED /* MainStoryboard.storyboard */ = {
			isa = PBXVariantGroup;
			children = (
				C6E587D918158D5500EAF1ED /* en */,
			);
			name = MainStoryboard.storyboard;
			sourceTree = "<group>";
		};
/* End PBXVariantGroup section */

/* Begin XCBuildConfiguration section */
		C6E587DE18158D5500EAF1ED /* Debug */ = {
			isa = XCBuildConfiguration;
			buildSettings = {
				ALWAYS_SEARCH_USER_PATHS = NO;
				CLANG_CXX_LANGUAGE_STANDARD = "gnu++0x";
				CLANG_CXX_LIBRARY = "libc++";
				CLANG_ENABLE_OBJC_ARC = YES;
				CLANG_WARN_CONSTANT_CONVERSION = YES;
				CLANG_WARN_EMPTY_BODY = YES;
				CLANG_WARN_ENUM_CONVERSION = YES;
				CLANG_WARN_INT_CONVERSION = YES;
				CLANG_WARN__DUPLICATE_METHOD_MATCH = YES;
				"CODE_SIGN_IDENTITY[sdk=iphoneos*]" = "iPhone Developer";
				COPY_PHASE_STRIP = NO;
				GCC_C_LANGUAGE_STANDARD = gnu99;
				GCC_DYNAMIC_NO_PIC = NO;
				GCC_OPTIMIZATION_LEVEL = 0;
				GCC_PREPROCESSOR_DEFINITIONS = (
					"DEBUG=1",
					"$(inherited)",
				);
				GCC_SYMBOLS_PRIVATE_EXTERN = NO;
				GCC_WARN_ABOUT_RETURN_TYPE = YES;
				GCC_WARN_UNINITIALIZED_AUTOS = YES;
				GCC_WARN_UNUSED_VARIABLE = YES;
				IPHONEOS_DEPLOYMENT_TARGET = 6.1;
				ONLY_ACTIVE_ARCH = YES;
				SDKROOT = iphoneos;
			};
			name = Debug;
		};
		C6E587DF18158D5500EAF1ED /* Release */ = {
			isa = XCBuildConfiguration;
			buildSettings = {
				ALWAYS_SEARCH_USER_PATHS = NO;
				CLANG_CXX_LANGUAGE_STANDARD = "gnu++0x";
				CLANG_CXX_LIBRARY = "libc++";
				CLANG_ENABLE_OBJC_ARC = YES;
				CLANG_WARN_CONSTANT_CONVERSION = YES;
				CLANG_WARN_EMPTY_BODY = YES;
				CLANG_WARN_ENUM_CONVERSION = YES;
				CLANG_WARN_INT_CONVERSION = YES;
				CLANG_WARN__DUPLICATE_METHOD_MATCH = YES;
				"CODE_SIGN_IDENTITY[sdk=iphoneos*]" = "iPhone Developer";
				COPY_PHASE_STRIP = YES;
				GCC_C_LANGUAGE_STANDARD = gnu99;
				GCC_WARN_ABOUT_RETURN_TYPE = YES;
				GCC_WARN_UNINITIALIZED_AUTOS = YES;
				GCC_WARN_UNUSED_VARIABLE = YES;
				IPHONEOS_DEPLOYMENT_TARGET = 6.1;
				OTHER_CFLAGS = "-DNS_BLOCK_ASSERTIONS=1";
				SDKROOT = iphoneos;
				VALIDATE_PRODUCT = YES;
			};
			name = Release;
		};
		C6E587E118158D5500EAF1ED /* Debug */ = {
			isa = XCBuildConfiguration;
			buildSettings = {
				GCC_PRECOMPILE_PREFIX_HEADER = YES;
				GCC_PREFIX_HEADER = "Binder Buddy/Binder Buddy-Prefix.pch";
				INFOPLIST_FILE = "Binder Buddy/Binder Buddy-Info.plist";
				PRODUCT_NAME = "$(TARGET_NAME)";
				WRAPPER_EXTENSION = app;
			};
			name = Debug;
		};
		C6E587E218158D5500EAF1ED /* Release */ = {
			isa = XCBuildConfiguration;
			buildSettings = {
				GCC_PRECOMPILE_PREFIX_HEADER = YES;
				GCC_PREFIX_HEADER = "Binder Buddy/Binder Buddy-Prefix.pch";
				INFOPLIST_FILE = "Binder Buddy/Binder Buddy-Info.plist";
				PRODUCT_NAME = "$(TARGET_NAME)";
				WRAPPER_EXTENSION = app;
			};
			name = Release;
		};
/* End XCBuildConfiguration section */

/* Begin XCConfigurationList section */
		C6E587B818158D5500EAF1ED /* Build configuration list for PBXProject "Binder Buddy" */ = {
			isa = XCConfigurationList;
			buildConfigurations = (
				C6E587DE18158D5500EAF1ED /* Debug */,
				C6E587DF18158D5500EAF1ED /* Release */,
			);
			defaultConfigurationIsVisible = 0;
			defaultConfigurationName = Release;
		};
		C6E587E018158D5500EAF1ED /* Build configuration list for PBXNativeTarget "Binder Buddy" */ = {
			isa = XCConfigurationList;
			buildConfigurations = (
				C6E587E118158D5500EAF1ED /* Debug */,
				C6E587E218158D5500EAF1ED /* Release */,
			);
			defaultConfigurationIsVisible = 0;
			defaultConfigurationName = Release;
		};
/* End XCConfigurationList section */
	};
	rootObject = C6E587B518158D5500EAF1ED /* Project object */;
}
